# This file is automatically @generated by Cargo.
# It is not intended for manual editing.
version = 4

[[package]]
name = "aws-lc-rs"
version = "1.17.0"
source = "registry+https://github.com/rust-lang/crates.io-index"
checksum = "5ec2f1fc3ec205783a5da9a7e6c1509cc69dedf09a1949e412c1e18469326d00"
dependencies = [
 "zeroize",
]

[[package]]
name = "awslc-boot-bench"
version = "0.1.0"
dependencies = [
 "aws-lc-rs",
]

[[package]]
name = "zeroize"
version = "1.8.2"
source = "registry+https://github.com/rust-lang/crates.io-index"
checksum = "b97154e67e32c85465826e8bcc1c59429aaaf107c1e4a9e53c8d8ccd5eff88d0"
